
Microsoft Visual Studio Solution File, Format Version 12.00
# Visual Studio 15
VisualStudioVersion = 15.0.28010.2046
MinimumVisualStudioVersion = 10.0.40219.1
Project("{FAE04EC0-301F-11D3-BF4B-00C04F79EFBC}") = "ST.CaptchaLib", "ST.CaptchaLib\ST.CaptchaLib.csproj", "{2BEC590D-4584-49FB-A8ED-FBAE52707C29}"
EndProject
Project("{FAE04EC0-301F-11D3-BF4B-00C04F79EFBC}") = "AspNetCoreSample", "AspNetCoreSample\AspNetCoreSample.csproj", "{3A5B5C31-9752-469D-851D-C37FCF896E74}"
EndProject
Global
	GlobalSection(SolutionConfigurationPlatforms) = preSolution
		Debug|Any CPU = Debug|Any CPU
		Release|Any CPU = Release|Any CPU
	EndGlobalSection
	GlobalSection(ProjectConfigurationPlatforms) = postSolution
		{2BEC590D-4584-49FB-A8ED-FBAE52707C29}.Debug|Any CPU.ActiveCfg = Debug|Any CPU
		{2BEC590D-4584-49FB-A8ED-FBAE52707C29}.Debug|Any CPU.Build.0 = Debug|Any CPU
		{2BEC590D-4584-49FB-A8ED-FBAE52707C29}.Release|Any CPU.ActiveCfg = Release|Any CPU
		{2BEC590D-4584-49FB-A8ED-FBAE52707C29}.Release|Any CPU.Build.0 = Release|Any CPU
		{3A5B5C31-9752-469D-851D-C37FCF896E74}.Debug|Any CPU.ActiveCfg = Debug|Any CPU
		{3A5B5C31-9752-469D-851D-C37FCF896E74}.Debug|Any CPU.Build.0 = Debug|Any CPU
		{3A5B5C31-9752-469D-851D-C37FCF896E74}.Release|Any CPU.ActiveCfg = Release|Any CPU
		{3A5B5C31-9752-469D-851D-C37FCF896E74}.Release|Any CPU.Build.0 = Release|Any CPU
	EndGlobalSection
	GlobalSection(SolutionProperties) = preSolution
		HideSolutionNode = FALSE
	EndGlobalSection
	GlobalSection(ExtensibilityGlobals) = postSolution
		SolutionGuid = {53973FB9-1071-4547-9127-17699D1B33D4}
	EndGlobalSection
EndGlobal
